
Microsoft Visual Studio Solution File, Format Version 12.00
# Visual Studio Version 17
VisualStudioVersion = 17.14.36518.9 d17.14
MinimumVisualStudioVersion = 10.0.40219.1
Project("{8BC9CEB8-8B4A-11D0-8D11-00A0C91BC942}") = "Stone_Paper_Scissors", "Stone_Paper_Scissors\Stone_Paper_Scissors.vcxproj", "{F7BE629E-D04E-4BDA-A652-6F1DB89DD5F3}"
EndProject
Global
	GlobalSection(SolutionConfigurationPlatforms) = preSolution
		Debug|x64 = Debug|x64
		Debug|x86 = Debug|x86
		Release|x64 = Release|x64
		Release|x86 = Release|x86
	EndGlobalSection
	GlobalSection(ProjectConfigurationPlatforms) = postSolution
		{F7BE629E-D04E-4BDA-A652-6F1DB89DD5F3}.Debug|x64.ActiveCfg = Debug|x64
		{F7BE629E-D04E-4BDA-A652-6F1DB89DD5F3}.Debug|x64.Build.0 = Debug|x64
		{F7BE629E-D04E-4BDA-A652-6F1DB89DD5F3}.Debug|x86.ActiveCfg = Debug|Win32
		{F7BE629E-D04E-4BDA-A652-6F1DB89DD5F3}.Debug|x86.Build.0 = Debug|Win32
		{F7BE629E-D04E-4BDA-A652-6F1DB89DD5F3}.Release|x64.ActiveCfg = Release|x64
		{F7BE629E-D04E-4BDA-A652-6F1DB89DD5F3}.Release|x64.Build.0 = Release|x64
		{F7BE629E-D04E-4BDA-A652-6F1DB89DD5F3}.Release|x86.ActiveCfg = Release|Win32
		{F7BE629E-D04E-4BDA-A652-6F1DB89DD5F3}.Release|x86.Build.0 = Release|Win32
	EndGlobalSection
	GlobalSection(SolutionProperties) = preSolution
		HideSolutionNode = FALSE
	EndGlobalSection
	GlobalSection(ExtensibilityGlobals) = postSolution
		SolutionGuid = {556448C1-31F9-4673-89EE-D6335F6D0B56}
	EndGlobalSection
EndGlobal
